
Microsoft Visual Studio Solution File, Format Version 12.00
# Visual Studio Version 17
VisualStudioVersion = 17.14.36310.24 d17.14
MinimumVisualStudioVersion = 10.0.40219.1
Project("{FAE04EC0-301F-11D3-BF4B-00C04F79EFBC}") = "abstractshape", "abstractshape.csproj", "{1CB47FC3-4AAC-45D2-AB89-D3162ED2C97C}"
EndProject
Global
	GlobalSection(SolutionConfigurationPlatforms) = preSolution
		Debug|Any CPU = Debug|Any CPU
		Release|Any CPU = Release|Any CPU
	EndGlobalSection
	GlobalSection(ProjectConfigurationPlatforms) = postSolution
		{1CB47FC3-4AAC-45D2-AB89-D3162ED2C97C}.Debug|Any CPU.ActiveCfg = Debug|Any CPU
		{1CB47FC3-4AAC-45D2-AB89-D3162ED2C97C}.Debug|Any CPU.Build.0 = Debug|Any CPU
		{1CB47FC3-4AAC-45D2-AB89-D3162ED2C97C}.Release|Any CPU.ActiveCfg = Release|Any CPU
		{1CB47FC3-4AAC-45D2-AB89-D3162ED2C97C}.Release|Any CPU.Build.0 = Release|Any CPU
	EndGlobalSection
	GlobalSection(SolutionProperties) = preSolution
		HideSolutionNode = FALSE
	EndGlobalSection
	GlobalSection(ExtensibilityGlobals) = postSolution
		SolutionGuid = {2AC912EC-2771-429A-8F97-C3B65B015699}
	EndGlobalSection
EndGlobal
